
Microsoft Visual Studio Solution File, Format Version 12.00
# Visual Studio 15
VisualStudioVersion = 15.0.27703.2018
MinimumVisualStudioVersion = 10.0.40219.1
Project("{FAE04EC0-301F-11D3-BF4B-00C04F79EFBC}") = "gh-contributor", "gh-contributor\gh-contributor.csproj", "{F7147F44-FA0A-45AB-BBE0-887A4E1EC19E}"
EndProject
Global
	GlobalSection(SolutionConfigurationPlatforms) = preSolution
		Debug|Any CPU = Debug|Any CPU
		Release|Any CPU = Release|Any CPU
	EndGlobalSection
	GlobalSection(ProjectConfigurationPlatforms) = postSolution
		{F7147F44-FA0A-45AB-BBE0-887A4E1EC19E}.Debug|Any CPU.ActiveCfg = Debug|Any CPU
		{F7147F44-FA0A-45AB-BBE0-887A4E1EC19E}.Debug|Any CPU.Build.0 = Debug|Any CPU
		{F7147F44-FA0A-45AB-BBE0-887A4E1EC19E}.Release|Any CPU.ActiveCfg = Release|Any CPU
		{F7147F44-FA0A-45AB-BBE0-887A4E1EC19E}.Release|Any CPU.Build.0 = Release|Any CPU
	EndGlobalSection
	GlobalSection(SolutionProperties) = preSolution
		HideSolutionNode = FALSE
	EndGlobalSection
	GlobalSection(ExtensibilityGlobals) = postSolution
		SolutionGuid = {0F913F69-AC71-40BE-B823-C4355C1B5C2A}
	EndGlobalSection
EndGlobal
